// !$*UTF8*$!
{
	archiveVersion = 1;
	classes = {
	};
	objectVersion = 50;
	objects = {

/* Begin PBXBuildFile section */
		75959DFA20DA38980033237E /* AppDelegate.swift in Sources */ = {isa = PBXBuildFile; fileRef = 75959DF920DA38980033237E /* AppDelegate.swift */; };
		75959DFC20DA38980033237E /* ViewController.swift in Sources */ = {isa = PBXBuildFile; fileRef = 75959DFB20DA38980033237E /* ViewController.swift */; };
		75959DFF20DA38980033237E /* Main.storyboard in Resources */ = {isa = PBXBuildFile; fileRef = 75959DFD20DA38980033237E /* Main.storyboard */; };
		75959E0120DA389A0033237E /* Assets.xcassets in Resources */ = {isa = PBXBuildFile; fileRef = 75959E0020DA389A0033237E /* Assets.xcassets */; };
		75959E0420DA389A0033237E /* LaunchScreen.storyboard in Resources */ = {isa = PBXBuildFile; fileRef = 75959E0220DA389A0033237E /* LaunchScreen.storyboard */; };
		75959E0C20DA395A0033237E /* YYPlayerView.swift in Sources */ = {isa = PBXBuildFile; fileRef = 75959E0B20DA395A0033237E /* YYPlayerView.swift */; };
		75959E0E20DA472D0033237E /* SnapKit.framework in Frameworks */ = {isa = PBXBuildFile; fileRef = 75959E0D20DA472D0033237E /* SnapKit.framework */; };
		B258CBB97264EBDD232D19AF /* Pods_YYPlayer.framework in Frameworks */ = {isa = PBXBuildFile; fileRef = B59882BA084005D15173F226 /* Pods_YYPlayer.framework */; };
/* End PBXBuildFile section */

/* Begin PBXFileReference section */
		75959DF620DA38980033237E /* YYPlayer.app */ = {isa = PBXFileReference; explicitFileType = wrapper.application; includeInIndex = 0; path = YYPlayer.app; sourceTree = BUILT_PRODUCTS_DIR; };
		75959DF920DA38980033237E /* AppDelegate.swift */ = {isa = PBXFileReference; lastKnownFileType = sourcecode.swift; path = AppDelegate.swift; sourceTree = "<group>"; };
		75959DFB20DA38980033237E /* ViewController.swift */ = {isa = PBXFileReference; lastKnownFileType = sourcecode.swift; path = ViewController.swift; sourceTree = "<group>"; };
		75959DFE20DA38980033237E /* Base */ = {isa = PBXFileReference; lastKnownFileType = file.storyboard; name = Base; path = Base.lproj/Main.storyboard; sourceTree = "<group>"; };
		75959E0020DA389A0033237E /* Assets.xcassets */ = {isa = PBXFileReference; lastKnownFileType = folder.assetcatalog; path = Assets.xcassets; sourceTree = "<group>"; };
		75959E0320DA389A0033237E /* Base */ = {isa = PBXFileReference; lastKnownFileType = file.storyboard; name = Base; path = Base.lproj/LaunchScreen.storyboard; sourceTree = "<group>"; };
		75959E0520DA389A0033237E /* Info.plist */ = {isa = PBXFileReference; lastKnownFileType = text.plist.xml; path = Info.plist; sourceTree = "<group>"; };
		75959E0B20DA395A0033237E /* YYPlayerView.swift */ = {isa = PBXFileReference; lastKnownFileType = sourcecode.swift; path = YYPlayerView.swift; sourceTree = "<group>"; };
		75959E0D20DA472D0033237E /* SnapKit.framework */ = {isa = PBXFileReference; explicitFileType = wrapper.framework; path = SnapKit.framework; sourceTree = BUILT_PRODUCTS_DIR; };
		9FFC5D23CCBCB348A09452EE /* Pods-YYPlayer.release.xcconfig */ = {isa = PBXFileReference; includeInIndex = 1; lastKnownFileType = text.xcconfig; name = "Pods-YYPlayer.release.xcconfig"; path = "Pods/Target Support Files/Pods-YYPlayer/Pods-YYPlayer.release.xcconfig"; sourceTree = "<group>"; };
		B59882BA084005D15173F226 /* Pods_YYPlayer.framework */ = {isa = PBXFileReference; explicitFileType = wrapper.framework; includeInIndex = 0; path = Pods_YYPlayer.framework; sourceTree = BUILT_PRODUCTS_DIR; };
		C4CE5D7417850590D0AC4D76 /* Pods-YYPlayer.debug.xcconfig */ = {isa = PBXFileReference; includeInIndex = 1; lastKnownFileType = text.xcconfig; name = "Pods-YYPlayer.debug.xcconfig"; path = "Pods/Target Support Files/Pods-YYPlayer/Pods-YYPlayer.debug.xcconfig"; sourceTree = "<group>"; };
/* End PBXFileReference section */

/* Begin PBXFrameworksBuildPhase section */
		75959DF320DA38980033237E /* Frameworks */ = {
			isa = PBXFrameworksBuildPhase;
			buildActionMask = 2147483647;
			files = (
				75959E0E20DA472D0033237E /* SnapKit.framework in Frameworks */,
				B258CBB97264EBDD232D19AF /* Pods_YYPlayer.framework in Frameworks */,
			);
			runOnlyForDeploymentPostprocessing = 0;
		};
/* End PBXFrameworksBuildPhase section */

/* Begin PBXGroup section */
		065458AA4AF1B13A5182165B /* Frameworks */ = {
			isa = PBXGroup;
			children = (
				75959E0D20DA472D0033237E /* SnapKit.framework */,
				B59882BA084005D15173F226 /* Pods_YYPlayer.framework */,
			);
			name = Frameworks;
			sourceTree = "<group>";
		};
		75959DED20DA38980033237E = {
			isa = PBXGroup;
			children = (
				75959DF820DA38980033237E /* YYPlayer */,
				75959DF720DA38980033237E /* Products */,
				CFAE38BE0307EF54C165E6D2 /* Pods */,
				065458AA4AF1B13A5182165B /* Frameworks */,
			);
			sourceTree = "<group>";
		};
		75959DF720DA38980033237E /* Products */ = {
			isa = PBXGroup;
			children = (
				75959DF620DA38980033237E /* YYPlayer.app */,
			);
			name = Products;
			sourceTree = "<group>";
		};
		75959DF820DA38980033237E /* YYPlayer */ = {
			isa = PBXGroup;
			children = (
				75959E0B20DA395A0033237E /* YYPlayerView.swift */,
				75959DF920DA38980033237E /* AppDelegate.swift */,
				75959DFB20DA38980033237E /* ViewController.swift */,
				75959DFD20DA38980033237E /* Main.storyboard */,
				75959E0020DA389A0033237E /* Assets.xcassets */,
				75959E0220DA389A0033237E /* LaunchScreen.storyboard */,
				75959E0520DA389A0033237E /* Info.plist */,
			);
			path = YYPlayer;
			sourceTree = "<group>";
		};
		CFAE38BE0307EF54C165E6D2 /* Pods */ = {
			isa = PBXGroup;
			children = (
				C4CE5D7417850590D0AC4D76 /* Pods-YYPlayer.debug.xcconfig */,
				9FFC5D23CCBCB348A09452EE /* Pods-YYPlayer.release.xcconfig */,
			);
			name = Pods;
			sourceTree = "<group>";
		};
/* End PBXGroup section */

/* Begin PBXNativeTarget section */
		75959DF520DA38980033237E /* YYPlayer */ = {
			isa = PBXNativeTarget;
			buildConfigurationList = 75959E0820DA389A0033237E /* Build configuration list for PBXNativeTarget "YYPlayer" */;
			buildPhases = (
				0FCCED812ED72A5E15773220 /* [CP] Check Pods Manifest.lock */,
				75959DF220DA38980033237E /* Sources */,
				75959DF320DA38980033237E /* Frameworks */,
				75959DF420DA38980033237E /* Resources */,
				D8D86E52615C93E60145D591 /* [CP] Embed Pods Frameworks */,
				C2654F43E299BB39A4E13C16 /* [CP] Copy Pods Resources */,
			);
			buildRules = (
			);
			dependencies = (
			);
			name = YYPlayer;
			productName = YYPlayer;
			productReference = 75959DF620DA38980033237E /* YYPlayer.app */;
			productType = "com.apple.product-type.application";
		};
/* End PBXNativeTarget section */

/* Begin PBXProject section */
		75959DEE20DA38980033237E /* Project object */ = {
			isa = PBXProject;
			attributes = {
				LastSwiftUpdateCheck = 0940;
				LastUpgradeCheck = 0940;
				ORGANIZATIONNAME = futureversion;
				TargetAttributes = {
					75959DF520DA38980033237E = {
						CreatedOnToolsVersion = 9.4;
					};
				};
			};
			buildConfigurationList = 75959DF120DA38980033237E /* Build configuration list for PBXProject "YYPlayer" */;
			compatibilityVersion = "Xcode 9.3";
			developmentRegion = en;
			hasScannedForEncodings = 0;
			knownRegions = (
				en,
				Base,
			);
			mainGroup = 75959DED20DA38980033237E;
			productRefGroup = 75959DF720DA38980033237E /* Products */;
			projectDirPath = "";
			projectRoot = "";
			targets = (
				75959DF520DA38980033237E /* YYPlayer */,
			);
		};
/* End PBXProject section */

/* Begin PBXResourcesBuildPhase section */
		75959DF420DA38980033237E /* Resources */ = {
			isa = PBXResourcesBuildPhase;
			buildActionMask = 2147483647;
			files = (
				75959E0420DA389A0033237E /* LaunchScreen.storyboard in Resources */,
				75959E0120DA389A0033237E /* Assets.xcassets in Resources */,
				75959DFF20DA38980033237E /* Main.storyboard in Resources */,
			);
			runOnlyForDeploymentPostprocessing = 0;
		};
/* End PBXResourcesBuildPhase section */

/* Begin PBXShellScriptBuildPhase section */
		0FCCED812ED72A5E15773220 /* [CP] Check Pods Manifest.lock */ = {
			isa = PBXShellScriptBuildPhase;
			buildActionMask = 2147483647;
			files = (
			);
			inputPaths = (
				"${PODS_PODFILE_DIR_PATH}/Podfile.lock",
				"${PODS_ROOT}/Manifest.lock",
			);
			name = "[CP] Check Pods Manifest.lock";
			outputPaths = (
				"$(DERIVED_FILE_DIR)/Pods-YYPlayer-checkManifestLockResult.txt",
			);
			runOnlyForDeploymentPostprocessing = 0;
			shellPath = /bin/sh;
			shellScript = "diff \"${PODS_PODFILE_DIR_PATH}/Podfile.lock\" \"${PODS_ROOT}/Manifest.lock\" > /dev/null\nif [ $? != 0 ] ; then\n    # print error to STDERR\n    echo \"error: The sandbox is not in sync with the Podfile.lock. Run 'pod install' or update your CocoaPods installation.\" >&2\n    exit 1\nfi\n# This output is used by Xcode 'outputs' to avoid re-running this script phase.\necho \"SUCCESS\" > \"${SCRIPT_OUTPUT_FILE_0}\"\n";
			showEnvVarsInLog = 0;
		};
		C2654F43E299BB39A4E13C16 /* [CP] Copy Pods Resources */ = {
			isa = PBXShellScriptBuildPhase;
			buildActionMask = 2147483647;
			files = (
			);
			inputPaths = (
			);
			name = "[CP] Copy Pods Resources";
			outputPaths = (
			);
			runOnlyForDeploymentPostprocessing = 0;
			shellPath = /bin/sh;
			shellScript = "\"${SRCROOT}/Pods/Target Support Files/Pods-YYPlayer/Pods-YYPlayer-resources.sh\"\n";
			showEnvVarsInLog = 0;
		};
		D8D86E52615C93E60145D591 /* [CP] Embed Pods Frameworks */ = {
			isa = PBXShellScriptBuildPhase;
			buildActionMask = 2147483647;
			files = (
			);
			inputPaths = (
				"${SRCROOT}/Pods/Target Support Files/Pods-YYPlayer/Pods-YYPlayer-frameworks.sh",
				"${BUILT_PRODUCTS_DIR}/SnapKit/SnapKit.framework",
			);
			name = "[CP] Embed Pods Frameworks";
			outputPaths = (
				"${TARGET_BUILD_DIR}/${FRAMEWORKS_FOLDER_PATH}/SnapKit.framework",
			);
			runOnlyForDeploymentPostprocessing = 0;
			shellPath = /bin/sh;
			shellScript = "\"${SRCROOT}/Pods/Target Support Files/Pods-YYPlayer/Pods-YYPlayer-frameworks.sh\"\n";
			showEnvVarsInLog = 0;
		};
/* End PBXShellScriptBuildPhase section */

/* Begin PBXSourcesBuildPhase section */
		75959DF220DA38980033237E /* Sources */ = {
			isa = PBXSourcesBuildPhase;
			buildActionMask = 2147483647;
			files = (
				75959DFC20DA38980033237E /* ViewController.swift in Sources */,
				75959DFA20DA38980033237E /* AppDelegate.swift in Sources */,
				75959E0C20DA395A0033237E /* YYPlayerView.swift in Sources */,
			);
			runOnlyForDeploymentPostprocessing = 0;
		};
/* End PBXSourcesBuildPhase section */

/* Begin PBXVariantGroup section */
		75959DFD20DA38980033237E /* Main.storyboard */ = {
			isa = PBXVariantGroup;
			children = (
				75959DFE20DA38980033237E /* Base */,
			);
			name = Main.storyboard;
			sourceTree = "<group>";
		};
		75959E0220DA389A0033237E /* LaunchScreen.storyboard */ = {
			isa = PBXVariantGroup;
			children = (
				75959E0320DA389A0033237E /* Base */,
			);
			name = LaunchScreen.storyboard;
			sourceTree = "<group>";
		};
/* End PBXVariantGroup section */

/* Begin XCBuildConfiguration section */
		75959E0620DA389A0033237E /* Debug */ = {
			isa = XCBuildConfiguration;
			buildSettings = {
				ALWAYS_SEARCH_USER_PATHS = NO;
				CLANG_ANALYZER_NONNULL = YES;
				CLANG_ANALYZER_NUMBER_OBJECT_CONVERSION = YES_AGGRESSIVE;
				CLANG_CXX_LANGUAGE_STANDARD = "gnu++14";
				CLANG_CXX_LIBRARY = "libc++";
				CLANG_ENABLE_MODULES = YES;
				CLANG_ENABLE_OBJC_ARC = YES;
				CLANG_ENABLE_OBJC_WEAK = YES;
				CLANG_WARN_BLOCK_CAPTURE_AUTORELEASING = YES;
				CLANG_WARN_BOOL_CONVERSION = YES;
				CLANG_WARN_COMMA = YES;
				CLANG_WARN_CONSTANT_CONVERSION = YES;
				CLANG_WARN_DEPRECATED_OBJC_IMPLEMENTATIONS = YES;
				CLANG_WARN_DIRECT_OBJC_ISA_USAGE = YES_ERROR;
				CLANG_WARN_DOCUMENTATION_COMMENTS = YES;
				CLANG_WARN_EMPTY_BODY = YES;
				CLANG_WARN_ENUM_CONVERSION = YES;
				CLANG_WARN_INFINITE_RECURSION = YES;
				CLANG_WARN_INT_CONVERSION = YES;
				CLANG_WARN_NON_LITERAL_NULL_CONVERSION = YES;
				CLANG_WARN_OBJC_IMPLICIT_RETAIN_SELF = YES;
				CLANG_WARN_OBJC_LITERAL_CONVERSION = YES;
				CLANG_WARN_OBJC_ROOT_CLASS = YES_ERROR;
				CLANG_WARN_RANGE_LOOP_ANALYSIS = YES;
				CLANG_WARN_STRICT_PROTOTYPES = YES;
				CLANG_WARN_SUSPICIOUS_MOVE = YES;
				CLANG_WARN_UNGUARDED_AVAILABILITY = YES_AGGRESSIVE;
				CLANG_WARN_UNREACHABLE_CODE = YES;
				CLANG_WARN__DUPLICATE_METHOD_MATCH = YES;
				CODE_SIGN_IDENTITY = "iPhone Developer";
				COPY_PHASE_STRIP = NO;
				DEBUG_INFORMATION_FORMAT = dwarf;
				ENABLE_STRICT_OBJC_MSGSEND = YES;
				ENABLE_TESTABILITY = YES;
				GCC_C_LANGUAGE_STANDARD = gnu11;
				GCC_DYNAMIC_NO_PIC = NO;
				GCC_NO_COMMON_BLOCKS = YES;
				GCC_OPTIMIZATION_LEVEL = 0;
				GCC_PREPROCESSOR_DEFINITIONS = (
					"DEBUG=1",
					"$(inherited)",
				);
				GCC_WARN_64_TO_32_BIT_CONVERSION = YES;
				GCC_WARN_ABOUT_RETURN_TYPE = YES_ERROR;
				GCC_WARN_UNDECLARED_SELECTOR = YES;
				GCC_WARN_UNINITIALIZED_AUTOS = YES_AGGRESSIVE;
				GCC_WARN_UNUSED_FUNCTION = YES;
				GCC_WARN_UNUSED_VARIABLE = YES;
				IPHONEOS_DEPLOYMENT_TARGET = 11.4;
				MTL_ENABLE_DEBUG_INFO = YES;
				ONLY_ACTIVE_ARCH = YES;
				SDKROOT = iphoneos;
				SWIFT_ACTIVE_COMPILATION_CONDITIONS = DEBUG;
				SWIFT_OPTIMIZATION_LEVEL = "-Onone";
			};
			name = Debug;
		};
		75959E0720DA389A0033237E /* Release */ = {
			isa = XCBuildConfiguration;
			buildSettings = {
				ALWAYS_SEARCH_USER_PATHS = NO;
				CLANG_ANALYZER_NONNULL = YES;
				CLANG_ANALYZER_NUMBER_OBJECT_CONVERSION = YES_AGGRESSIVE;
				CLANG_CXX_LANGUAGE_STANDARD = "gnu++14";
				CLANG_CXX_LIBRARY = "libc++";
				CLANG_ENABLE_MODULES = YES;
				CLANG_ENABLE_OBJC_ARC = YES;
				CLANG_ENABLE_OBJC_WEAK = YES;
				CLANG_WARN_BLOCK_CAPTURE_AUTORELEASING = YES;
				CLANG_WARN_BOOL_CONVERSION = YES;
				CLANG_WARN_COMMA = YES;
				CLANG_WARN_CONSTANT_CONVERSION = YES;
				CLANG_WARN_DEPRECATED_OBJC_IMPLEMENTATIONS = YES;
				CLANG_WARN_DIRECT_OBJC_ISA_USAGE = YES_ERROR;
				CLANG_WARN_DOCUMENTATION_COMMENTS = YES;
				CLANG_WARN_EMPTY_BODY = YES;
				CLANG_WARN_ENUM_CONVERSION = YES;
				CLANG_WARN_INFINITE_RECURSION = YES;
				CLANG_WARN_INT_CONVERSION = YES;
				CLANG_WARN_NON_LITERAL_NULL_CONVERSION = YES;
				CLANG_WARN_OBJC_IMPLICIT_RETAIN_SELF = YES;
				CLANG_WARN_OBJC_LITERAL_CONVERSION = YES;
				CLANG_WARN_OBJC_ROOT_CLASS = YES_ERROR;
				CLANG_WARN_RANGE_LOOP_ANALYSIS = YES;
				CLANG_WARN_STRICT_PROTOTYPES = YES;
				CLANG_WARN_SUSPICIOUS_MOVE = YES;
				CLANG_WARN_UNGUARDED_AVAILABILITY = YES_AGGRESSIVE;
				CLANG_WARN_UNREACHABLE_CODE = YES;
				CLANG_WARN__DUPLICATE_METHOD_MATCH = YES;
				CODE_SIGN_IDENTITY = "iPhone Developer";
				COPY_PHASE_STRIP = NO;
				DEBUG_INFORMATION_FORMAT = "dwarf-with-dsym";
				ENABLE_NS_ASSERTIONS = NO;
				ENABLE_STRICT_OBJC_MSGSEND = YES;
				GCC_C_LANGUAGE_STANDARD = gnu11;
				GCC_NO_COMMON_BLOCKS = YES;
				GCC_WARN_64_TO_32_BIT_CONVERSION = YES;
				GCC_WARN_ABOUT_RETURN_TYPE = YES_ERROR;
				GCC_WARN_UNDECLARED_SELECTOR = YES;
				GCC_WARN_UNINITIALIZED_AUTOS = YES_AGGRESSIVE;
				GCC_WARN_UNUSED_FUNCTION = YES;
				GCC_WARN_UNUSED_VARIABLE = YES;
				IPHONEOS_DEPLOYMENT_TARGET = 11.4;
				MTL_ENABLE_DEBUG_INFO = NO;
				SDKROOT = iphoneos;
				SWIFT_COMPILATION_MODE = wholemodule;
				SWIFT_OPTIMIZATION_LEVEL = "-O";
				VALIDATE_PRODUCT = YES;
			};
			name = Release;
		};
		75959E0920DA389A0033237E /* Debug */ = {
			isa = XCBuildConfiguration;
			baseConfigurationReference = C4CE5D7417850590D0AC4D76 /* Pods-YYPlayer.debug.xcconfig */;
			buildSettings = {
				ASSETCATALOG_COMPILER_APPICON_NAME = AppIcon;
				CODE_SIGN_STYLE = Automatic;
				DEVELOPMENT_TEAM = CZD89388LH;
				INFOPLIST_FILE = YYPlayer/Info.plist;
				LD_RUNPATH_SEARCH_PATHS = (
					"$(inherited)",
					"@executable_path/Frameworks",
				);
				PRODUCT_BUNDLE_IDENTIFIER = "com.futureversion.-www.YYPlayer";
				PRODUCT_NAME = "$(TARGET_NAME)";
				SWIFT_VERSION = 4.0;
				TARGETED_DEVICE_FAMILY = "1,2";
			};
			name = Debug;
		};
		75959E0A20DA389A0033237E /* Release */ = {
			isa = XCBuildConfiguration;
			baseConfigurationReference = 9FFC5D23CCBCB348A09452EE /* Pods-YYPlayer.release.xcconfig */;
			buildSettings = {
				ASSETCATALOG_COMPILER_APPICON_NAME = AppIcon;
				CODE_SIGN_STYLE = Automatic;
				DEVELOPMENT_TEAM = CZD89388LH;
				INFOPLIST_FILE = YYPlayer/Info.plist;
				LD_RUNPATH_SEARCH_PATHS = (
					"$(inherited)",
					"@executable_path/Frameworks",
				);
				PRODUCT_BUNDLE_IDENTIFIER = "com.futureversion.-www.YYPlayer";
				PRODUCT_NAME = "$(TARGET_NAME)";
				SWIFT_VERSION = 4.0;
				TARGETED_DEVICE_FAMILY = "1,2";
			};
			name = Release;
		};
/* End XCBuildConfiguration section */

/* Begin XCConfigurationList section */
		75959DF120DA38980033237E /* Build configuration list for PBXProject "YYPlayer" */ = {
			isa = XCConfigurationList;
			buildConfigurations = (
				75959E0620DA389A0033237E /* Debug */,
				75959E0720DA389A0033237E /* Release */,
			);
			defaultConfigurationIsVisible = 0;
			defaultConfigurationName = Release;
		};
		75959E0820DA389A0033237E /* Build configuration list for PBXNativeTarget "YYPlayer" */ = {
			isa = XCConfigurationList;
			buildConfigurations = (
				75959E0920DA389A0033237E /* Debug */,
				75959E0A20DA389A0033237E /* Release */,
			);
			defaultConfigurationIsVisible = 0;
			defaultConfigurationName = Release;
		};
/* End XCConfigurationList section */
	};
	rootObject = 75959DEE20DA38980033237E /* Project object */;
}
